// !$*UTF8*$!
{
	archiveVersion = 1;
	classes = {
	};
	objectVersion = 50;
	objects = {

/* Begin PBXBuildFile section */
		523407D32527B4BC00394DA5 /* ResultViewController.swift in Sources */ = {isa = PBXBuildFile; fileRef = 523407D22527B4BC00394DA5 /* ResultViewController.swift */; };
		5276F96225268724002F9FC4 /* AppDelegate.swift in Sources */ = {isa = PBXBuildFile; fileRef = 5276F96125268724002F9FC4 /* AppDelegate.swift */; };
		5276F96425268724002F9FC4 /* SceneDelegate.swift in Sources */ = {isa = PBXBuildFile; fileRef = 5276F96325268724002F9FC4 /* SceneDelegate.swift */; };
		5276F96625268724002F9FC4 /* HomeViewController.swift in Sources */ = {isa = PBXBuildFile; fileRef = 5276F96525268724002F9FC4 /* HomeViewController.swift */; };
		5276F96925268724002F9FC4 /* Main.storyboard in Resources */ = {isa = PBXBuildFile; fileRef = 5276F96725268724002F9FC4 /* Main.storyboard */; };
		5276F96B25268726002F9FC4 /* Assets.xcassets in Resources */ = {isa = PBXBuildFile; fileRef = 5276F96A25268726002F9FC4 /* Assets.xcassets */; };
		5276F96E25268727002F9FC4 /* LaunchScreen.storyboard in Resources */ = {isa = PBXBuildFile; fileRef = 5276F96C25268727002F9FC4 /* LaunchScreen.storyboard */; };
/* End PBXBuildFile section */

/* Begin PBXFileReference section */
		523407D22527B4BC00394DA5 /* ResultViewController.swift */ = {isa = PBXFileReference; lastKnownFileType = sourcecode.swift; path = ResultViewController.swift; sourceTree = "<group>"; };
		5276F95E25268724002F9FC4 /* Cortes e Recortes.app */ = {isa = PBXFileReference; explicitFileType = wrapper.application; includeInIndex = 0; path = "Cortes e Recortes.app"; sourceTree = BUILT_PRODUCTS_DIR; };
		5276F96125268724002F9FC4 /* AppDelegate.swift */ = {isa = PBXFileReference; lastKnownFileType = sourcecode.swift; path = AppDelegate.swift; sourceTree = "<group>"; };
		5276F96325268724002F9FC4 /* SceneDelegate.swift */ = {isa = PBXFileReference; lastKnownFileType = sourcecode.swift; path = SceneDelegate.swift; sourceTree = "<group>"; };
		5276F96525268724002F9FC4 /* HomeViewController.swift */ = {isa = PBXFileReference; lastKnownFileType = sourcecode.swift; path = HomeViewController.swift; sourceTree = "<group>"; };
		5276F96825268724002F9FC4 /* Base */ = {isa = PBXFileReference; lastKnownFileType = file.storyboard; name = Base; path = Base.lproj/Main.storyboard; sourceTree = "<group>"; };
		5276F96A25268726002F9FC4 /* Assets.xcassets */ = {isa = PBXFileReference; lastKnownFileType = folder.assetcatalog; path = Assets.xcassets; sourceTree = "<group>"; };
		5276F96D25268727002F9FC4 /* Base */ = {isa = PBXFileReference; lastKnownFileType = file.storyboard; name = Base; path = Base.lproj/LaunchScreen.storyboard; sourceTree = "<group>"; };
		5276F96F25268727002F9FC4 /* Info.plist */ = {isa = PBXFileReference; lastKnownFileType = text.plist.xml; path = Info.plist; sourceTree = "<group>"; };
/* End PBXFileReference section */

/* Begin PBXFrameworksBuildPhase section */
		5276F95B25268724002F9FC4 /* Frameworks */ = {
			isa = PBXFrameworksBuildPhase;
			buildActionMask = 2147483647;
			files = (
			);
			runOnlyForDeploymentPostprocessing = 0;
		};
/* End PBXFrameworksBuildPhase section */

/* Begin PBXGroup section */
		5276F95525268724002F9FC4 = {
			isa = PBXGroup;
			children = (
				5276F96025268724002F9FC4 /* Cortes e Recortes */,
				5276F95F25268724002F9FC4 /* Products */,
			);
			sourceTree = "<group>";
		};
		5276F95F25268724002F9FC4 /* Products */ = {
			isa = PBXGroup;
			children = (
				5276F95E25268724002F9FC4 /* Cortes e Recortes.app */,
			);
			name = Products;
			sourceTree = "<group>";
		};
		5276F96025268724002F9FC4 /* Cortes e Recortes */ = {
			isa = PBXGroup;
			children = (
				5276F96125268724002F9FC4 /* AppDelegate.swift */,
				5276F96325268724002F9FC4 /* SceneDelegate.swift */,
				52B2BFC625279F58004B56B4 /* View */,
				52B2BFC725279F6E004B56B4 /* Controller */,
				5276F96A25268726002F9FC4 /* Assets.xcassets */,
				5276F96C25268727002F9FC4 /* LaunchScreen.storyboard */,
				5276F96F25268727002F9FC4 /* Info.plist */,
			);
			path = "Cortes e Recortes";
			sourceTree = "<group>";
		};
		52B2BFC625279F58004B56B4 /* View */ = {
			isa = PBXGroup;
			children = (
				5276F96725268724002F9FC4 /* Main.storyboard */,
			);
			path = View;
			sourceTree = "<group>";
		};
		52B2BFC725279F6E004B56B4 /* Controller */ = {
			isa = PBXGroup;
			children = (
				523407D22527B4BC00394DA5 /* ResultViewController.swift */,
				5276F96525268724002F9FC4 /* HomeViewController.swift */,
			);
			path = Controller;
			sourceTree = "<group>";
		};
/* End PBXGroup section */

/* Begin PBXNativeTarget section */
		5276F95D25268724002F9FC4 /* Cortes e Recortes */ = {
			isa = PBXNativeTarget;
			buildConfigurationList = 5276F97225268727002F9FC4 /* Build configuration list for PBXNativeTarget "Cortes e Recortes" */;
			buildPhases = (
				5276F95A25268724002F9FC4 /* Sources */,
				5276F95B25268724002F9FC4 /* Frameworks */,
				5276F95C25268724002F9FC4 /* Resources */,
			);
			buildRules = (
			);
			dependencies = (
			);
			name = "Cortes e Recortes";
			productName = "Cortes e Recortes";
			productReference = 5276F95E25268724002F9FC4 /* Cortes e Recortes.app */;
			productType = "com.apple.product-type.application";
		};
/* End PBXNativeTarget section */

/* Begin PBXProject section */
		5276F95625268724002F9FC4 /* Project object */ = {
			isa = PBXProject;
			attributes = {
				LastSwiftUpdateCheck = 1130;
				LastUpgradeCheck = 1130;
				ORGANIZATIONNAME = "Tamara Salvatori";
				TargetAttributes = {
					5276F95D25268724002F9FC4 = {
						CreatedOnToolsVersion = 11.3.1;
					};
				};
			};
			buildConfigurationList = 5276F95925268724002F9FC4 /* Build configuration list for PBXProject "Cortes e Recortes" */;
			compatibilityVersion = "Xcode 9.3";
			developmentRegion = en;
			hasScannedForEncodings = 0;
			knownRegions = (
				en,
				Base,
			);
			mainGroup = 5276F95525268724002F9FC4;
			productRefGroup = 5276F95F25268724002F9FC4 /* Products */;
			projectDirPath = "";
			projectRoot = "";
			targets = (
				5276F95D25268724002F9FC4 /* Cortes e Recortes */,
			);
		};
/* End PBXProject section */

/* Begin PBXResourcesBuildPhase section */
		5276F95C25268724002F9FC4 /* Resources */ = {
			isa = PBXResourcesBuildPhase;
			buildActionMask = 2147483647;
			files = (
				5276F96E25268727002F9FC4 /* LaunchScreen.storyboard in Resources */,
				5276F96B25268726002F9FC4 /* Assets.xcassets in Resources */,
				5276F96925268724002F9FC4 /* Main.storyboard in Resources */,
			);
			runOnlyForDeploymentPostprocessing = 0;
		};
/* End PBXResourcesBuildPhase section */

/* Begin PBXSourcesBuildPhase section */
		5276F95A25268724002F9FC4 /* Sources */ = {
			isa = PBXSourcesBuildPhase;
			buildActionMask = 2147483647;
			files = (
				5276F96625268724002F9FC4 /* HomeViewController.swift in Sources */,
				5276F96225268724002F9FC4 /* AppDelegate.swift in Sources */,
				5276F96425268724002F9FC4 /* SceneDelegate.swift in Sources */,
				523407D32527B4BC00394DA5 /* ResultViewController.swift in Sources */,
			);
			runOnlyForDeploymentPostprocessing = 0;
		};
/* End PBXSourcesBuildPhase section */

/* Begin PBXVariantGroup section */
		5276F96725268724002F9FC4 /* Main.storyboard */ = {
			isa = PBXVariantGroup;
			children = (
				5276F96825268724002F9FC4 /* Base */,
			);
			name = Main.storyboard;
			sourceTree = "<group>";
		};
		5276F96C25268727002F9FC4 /* LaunchScreen.storyboard */ = {
			isa = PBXVariantGroup;
			children = (
				5276F96D25268727002F9FC4 /* Base */,
			);
			name = LaunchScreen.storyboard;
			sourceTree = "<group>";
		};
/* End PBXVariantGroup section */

/* Begin XCBuildConfiguration section */
		5276F97025268727002F9FC4 /* Debug */ = {
			isa = XCBuildConfiguration;
			buildSettings = {
				ALWAYS_SEARCH_USER_PATHS = NO;
				CLANG_ANALYZER_NONNULL = YES;
				CLANG_ANALYZER_NUMBER_OBJECT_CONVERSION = YES_AGGRESSIVE;
				CLANG_CXX_LANGUAGE_STANDARD = "gnu++14";
				CLANG_CXX_LIBRARY = "libc++";
				CLANG_ENABLE_MODULES = YES;
				CLANG_ENABLE_OBJC_ARC = YES;
				CLANG_ENABLE_OBJC_WEAK = YES;
				CLANG_WARN_BLOCK_CAPTURE_AUTORELEASING = YES;
				CLANG_WARN_BOOL_CONVERSION = YES;
				CLANG_WARN_COMMA = YES;
				CLANG_WARN_CONSTANT_CONVERSION = YES;
				CLANG_WARN_DEPRECATED_OBJC_IMPLEMENTATIONS = YES;
				CLANG_WARN_DIRECT_OBJC_ISA_USAGE = YES_ERROR;
				CLANG_WARN_DOCUMENTATION_COMMENTS = YES;
				CLANG_WARN_EMPTY_BODY = YES;
				CLANG_WARN_ENUM_CONVERSION = YES;
				CLANG_WARN_INFINITE_RECURSION = YES;
				CLANG_WARN_INT_CONVERSION = YES;
				CLANG_WARN_NON_LITERAL_NULL_CONVERSION = YES;
				CLANG_WARN_OBJC_IMPLICIT_RETAIN_SELF = YES;
				CLANG_WARN_OBJC_LITERAL_CONVERSION = YES;
				CLANG_WARN_OBJC_ROOT_CLASS = YES_ERROR;
				CLANG_WARN_RANGE_LOOP_ANALYSIS = YES;
				CLANG_WARN_STRICT_PROTOTYPES = YES;
				CLANG_WARN_SUSPICIOUS_MOVE = YES;
				CLANG_WARN_UNGUARDED_AVAILABILITY = YES_AGGRESSIVE;
				CLANG_WARN_UNREACHABLE_CODE = YES;
				CLANG_WARN__DUPLICATE_METHOD_MATCH = YES;
				COPY_PHASE_STRIP = NO;
				DEBUG_INFORMATION_FORMAT = dwarf;
				ENABLE_STRICT_OBJC_MSGSEND = YES;
				ENABLE_TESTABILITY = YES;
				GCC_C_LANGUAGE_STANDARD = gnu11;
				GCC_DYNAMIC_NO_PIC = NO;
				GCC_NO_COMMON_BLOCKS = YES;
				GCC_OPTIMIZATION_LEVEL = 0;
				GCC_PREPROCESSOR_DEFINITIONS = (
					"DEBUG=1",
					"$(inherited)",
				);
				GCC_WARN_64_TO_32_BIT_CONVERSION = YES;
				GCC_WARN_ABOUT_RETURN_TYPE = YES_ERROR;
				GCC_WARN_UNDECLARED_SELECTOR = YES;
				GCC_WARN_UNINITIALIZED_AUTOS = YES_AGGRESSIVE;
				GCC_WARN_UNUSED_FUNCTION = YES;
				GCC_WARN_UNUSED_VARIABLE = YES;
				IPHONEOS_DEPLOYMENT_TARGET = 13.2;
				MTL_ENABLE_DEBUG_INFO = INCLUDE_SOURCE;
				MTL_FAST_MATH = YES;
				ONLY_ACTIVE_ARCH = YES;
				SDKROOT = iphoneos;
				SWIFT_ACTIVE_COMPILATION_CONDITIONS = DEBUG;
				SWIFT_OPTIMIZATION_LEVEL = "-Onone";
			};
			name = Debug;
		};
		5276F97125268727002F9FC4 /* Release */ = {
			isa = XCBuildConfiguration;
			buildSettings = {
				ALWAYS_SEARCH_USER_PATHS = NO;
				CLANG_ANALYZER_NONNULL = YES;
				CLANG_ANALYZER_NUMBER_OBJECT_CONVERSION = YES_AGGRESSIVE;
				CLANG_CXX_LANGUAGE_STANDARD = "gnu++14";
				CLANG_CXX_LIBRARY = "libc++";
				CLANG_ENABLE_MODULES = YES;
				CLANG_ENABLE_OBJC_ARC = YES;
				CLANG_ENABLE_OBJC_WEAK = YES;
				CLANG_WARN_BLOCK_CAPTURE_AUTORELEASING = YES;
				CLANG_WARN_BOOL_CONVERSION = YES;
				CLANG_WARN_COMMA = YES;
				CLANG_WARN_CONSTANT_CONVERSION = YES;
				CLANG_WARN_DEPRECATED_OBJC_IMPLEMENTATIONS = YES;
				CLANG_WARN_DIRECT_OBJC_ISA_USAGE = YES_ERROR;
				CLANG_WARN_DOCUMENTATION_COMMENTS = YES;
				CLANG_WARN_EMPTY_BODY = YES;
				CLANG_WARN_ENUM_CONVERSION = YES;
				CLANG_WARN_INFINITE_RECURSION = YES;
				CLANG_WARN_INT_CONVERSION = YES;
				CLANG_WARN_NON_LITERAL_NULL_CONVERSION = YES;
				CLANG_WARN_OBJC_IMPLICIT_RETAIN_SELF = YES;
				CLANG_WARN_OBJC_LITERAL_CONVERSION = YES;
				CLANG_WARN_OBJC_ROOT_CLASS = YES_ERROR;
				CLANG_WARN_RANGE_LOOP_ANALYSIS = YES;
				CLANG_WARN_STRICT_PROTOTYPES = YES;
				CLANG_WARN_SUSPICIOUS_MOVE = YES;
				CLANG_WARN_UNGUARDED_AVAILABILITY = YES_AGGRESSIVE;
				CLANG_WARN_UNREACHABLE_CODE = YES;
				CLANG_WARN__DUPLICATE_METHOD_MATCH = YES;
				COPY_PHASE_STRIP = NO;
				DEBUG_INFORMATION_FORMAT = "dwarf-with-dsym";
				ENABLE_NS_ASSERTIONS = NO;
				ENABLE_STRICT_OBJC_MSGSEND = YES;
				GCC_C_LANGUAGE_STANDARD = gnu11;
				GCC_NO_COMMON_BLOCKS = YES;
				GCC_WARN_64_TO_32_BIT_CONVERSION = YES;
				GCC_WARN_ABOUT_RETURN_TYPE = YES_ERROR;
				GCC_WARN_UNDECLARED_SELECTOR = YES;
				GCC_WARN_UNINITIALIZED_AUTOS = YES_AGGRESSIVE;
				GCC_WARN_UNUSED_FUNCTION = YES;
				GCC_WARN_UNUSED_VARIABLE = YES;
				IPHONEOS_DEPLOYMENT_TARGET = 13.2;
				MTL_ENABLE_DEBUG_INFO = NO;
				MTL_FAST_MATH = YES;
				SDKROOT = iphoneos;
				SWIFT_COMPILATION_MODE = wholemodule;
				SWIFT_OPTIMIZATION_LEVEL = "-O";
				VALIDATE_PRODUCT = YES;
			};
			name = Release;
		};
		5276F97325268727002F9FC4 /* Debug */ = {
			isa = XCBuildConfiguration;
			buildSettings = {
				ASSETCATALOG_COMPILER_APPICON_NAME = AppIcon;
				CODE_SIGN_STYLE = Automatic;
				INFOPLIST_FILE = "Cortes e Recortes/Info.plist";
				LD_RUNPATH_SEARCH_PATHS = (
					"$(inherited)",
					"@executable_path/Frameworks",
				);
				PRODUCT_BUNDLE_IDENTIFIER = "com.tamarasalvatori.Cortes-e-Recortes";
				PRODUCT_NAME = "$(TARGET_NAME)";
				SWIFT_VERSION = 5.0;
				TARGETED_DEVICE_FAMILY = "1,2";
			};
			name = Debug;
		};
		5276F97425268727002F9FC4 /* Release */ = {
			isa = XCBuildConfiguration;
			buildSettings = {
				ASSETCATALOG_COMPILER_APPICON_NAME = AppIcon;
				CODE_SIGN_STYLE = Automatic;
				INFOPLIST_FILE = "Cortes e Recortes/Info.plist";
				LD_RUNPATH_SEARCH_PATHS = (
					"$(inherited)",
					"@executable_path/Frameworks",
				);
				PRODUCT_BUNDLE_IDENTIFIER = "com.tamarasalvatori.Cortes-e-Recortes";
				PRODUCT_NAME = "$(TARGET_NAME)";
				SWIFT_VERSION = 5.0;
				TARGETED_DEVICE_FAMILY = "1,2";
			};
			name = Release;
		};
/* End XCBuildConfiguration section */

/* Begin XCConfigurationList section */
		5276F95925268724002F9FC4 /* Build configuration list for PBXProject "Cortes e Recortes" */ = {
			isa = XCConfigurationList;
			buildConfigurations = (
				5276F97025268727002F9FC4 /* Debug */,
				5276F97125268727002F9FC4 /* Release */,
			);
			defaultConfigurationIsVisible = 0;
			defaultConfigurationName = Release;
		};
		5276F97225268727002F9FC4 /* Build configuration list for PBXNativeTarget "Cortes e Recortes" */ = {
			isa = XCConfigurationList;
			buildConfigurations = (
				5276F97325268727002F9FC4 /* Debug */,
				5276F97425268727002F9FC4 /* Release */,
			);
			defaultConfigurationIsVisible = 0;
			defaultConfigurationName = Release;
		};
/* End XCConfigurationList section */
	};
	rootObject = 5276F95625268724002F9FC4 /* Project object */;
}
